
Microsoft Visual Studio Solution File, Format Version 12.00
# Visual Studio Version 17
VisualStudioVersion = 17.5.33502.453
MinimumVisualStudioVersion = 10.0.40219.1
Project("{FAE04EC0-301F-11D3-BF4B-00C04F79EFBC}") = "VoteCraft", "VoteCraft.csproj", "{89AFA6EB-F872-4CAC-9544-0EBCD50744F0}"
EndProject
Global
	GlobalSection(SolutionConfigurationPlatforms) = preSolution
		Debug|Any CPU = Debug|Any CPU
		Release|Any CPU = Release|Any CPU
	EndGlobalSection
	GlobalSection(ProjectConfigurationPlatforms) = postSolution
		{89AFA6EB-F872-4CAC-9544-0EBCD50744F0}.Debug|Any CPU.ActiveCfg = Debug|Any CPU
		{89AFA6EB-F872-4CAC-9544-0EBCD50744F0}.Debug|Any CPU.Build.0 = Debug|Any CPU
		{89AFA6EB-F872-4CAC-9544-0EBCD50744F0}.Release|Any CPU.ActiveCfg = Release|Any CPU
		{89AFA6EB-F872-4CAC-9544-0EBCD50744F0}.Release|Any CPU.Build.0 = Release|Any CPU
	EndGlobalSection
	GlobalSection(SolutionProperties) = preSolution
		HideSolutionNode = FALSE
	EndGlobalSection
	GlobalSection(ExtensibilityGlobals) = postSolution
		SolutionGuid = {815AC7B9-A666-490D-8714-AE516B4D01C8}
	EndGlobalSection
EndGlobal
